// !$*UTF8*$!
{
	archiveVersion = 1;
	classes = {
	};
	objectVersion = 46;
	objects = {

/* Begin PBXBuildFile section */
		3C003FDD1F18F84E007DFB6D /* AppDelegate.swift in Sources */ = {isa = PBXBuildFile; fileRef = 3C003FDC1F18F84E007DFB6D /* AppDelegate.swift */; };
		3C003FE21F18F84E007DFB6D /* Main.storyboard in Resources */ = {isa = PBXBuildFile; fileRef = 3C003FE01F18F84E007DFB6D /* Main.storyboard */; };
		3C003FE51F18F84E007DFB6D /* ColorsTableView.xcdatamodeld in Sources */ = {isa = PBXBuildFile; fileRef = 3C003FE31F18F84E007DFB6D /* ColorsTableView.xcdatamodeld */; };
		3C003FE71F18F84E007DFB6D /* Assets.xcassets in Resources */ = {isa = PBXBuildFile; fileRef = 3C003FE61F18F84E007DFB6D /* Assets.xcassets */; };
		3C003FEA1F18F84E007DFB6D /* LaunchScreen.storyboard in Resources */ = {isa = PBXBuildFile; fileRef = 3C003FE81F18F84E007DFB6D /* LaunchScreen.storyboard */; };
		3C003FF51F18F84F007DFB6D /* ColorsTableViewTests.swift in Sources */ = {isa = PBXBuildFile; fileRef = 3C003FF41F18F84F007DFB6D /* ColorsTableViewTests.swift */; };
		3C0040001F18F84F007DFB6D /* ColorsTableViewUITests.swift in Sources */ = {isa = PBXBuildFile; fileRef = 3C003FFF1F18F84F007DFB6D /* ColorsTableViewUITests.swift */; };
		3C00400E1F18F8CE007DFB6D /* ColorsViewController.swift in Sources */ = {isa = PBXBuildFile; fileRef = 3C00400D1F18F8CE007DFB6D /* ColorsViewController.swift */; };
/* End PBXBuildFile section */

/* Begin PBXContainerItemProxy section */
		3C003FF11F18F84E007DFB6D /* PBXContainerItemProxy */ = {
			isa = PBXContainerItemProxy;
			containerPortal = 3C003FD11F18F84E007DFB6D /* Project object */;
			proxyType = 1;
			remoteGlobalIDString = 3C003FD81F18F84E007DFB6D;
			remoteInfo = ColorsTableView;
		};
		3C003FFC1F18F84F007DFB6D /* PBXContainerItemProxy */ = {
			isa = PBXContainerItemProxy;
			containerPortal = 3C003FD11F18F84E007DFB6D /* Project object */;
			proxyType = 1;
			remoteGlobalIDString = 3C003FD81F18F84E007DFB6D;
			remoteInfo = ColorsTableView;
		};
/* End PBXContainerItemProxy section */

/* Begin PBXFileReference section */
		3C003FD91F18F84E007DFB6D /* ColorsTableView.app */ = {isa = PBXFileReference; explicitFileType = wrapper.application; includeInIndex = 0; path = ColorsTableView.app; sourceTree = BUILT_PRODUCTS_DIR; };
		3C003FDC1F18F84E007DFB6D /* AppDelegate.swift */ = {isa = PBXFileReference; lastKnownFileType = sourcecode.swift; path = AppDelegate.swift; sourceTree = "<group>"; };
		3C003FE11F18F84E007DFB6D /* Base */ = {isa = PBXFileReference; lastKnownFileType = file.storyboard; name = Base; path = Base.lproj/Main.storyboard; sourceTree = "<group>"; };
		3C003FE41F18F84E007DFB6D /* ColorsTableView.xcdatamodel */ = {isa = PBXFileReference; lastKnownFileType = wrapper.xcdatamodel; path = ColorsTableView.xcdatamodel; sourceTree = "<group>"; };
		3C003FE61F18F84E007DFB6D /* Assets.xcassets */ = {isa = PBXFileReference; lastKnownFileType = folder.assetcatalog; path = Assets.xcassets; sourceTree = "<group>"; };
		3C003FE91F18F84E007DFB6D /* Base */ = {isa = PBXFileReference; lastKnownFileType = file.storyboard; name = Base; path = Base.lproj/LaunchScreen.storyboard; sourceTree = "<group>"; };
		3C003FEB1F18F84E007DFB6D /* Info.plist */ = {isa = PBXFileReference; lastKnownFileType = text.plist.xml; path = Info.plist; sourceTree = "<group>"; };
		3C003FF01F18F84E007DFB6D /* ColorsTableViewTests.xctest */ = {isa = PBXFileReference; explicitFileType = wrapper.cfbundle; includeInIndex = 0; path = ColorsTableViewTests.xctest; sourceTree = BUILT_PRODUCTS_DIR; };
		3C003FF41F18F84F007DFB6D /* ColorsTableViewTests.swift */ = {isa = PBXFileReference; lastKnownFileType = sourcecode.swift; path = ColorsTableViewTests.swift; sourceTree = "<group>"; };
		3C003FF61F18F84F007DFB6D /* Info.plist */ = {isa = PBXFileReference; lastKnownFileType = text.plist.xml; path = Info.plist; sourceTree = "<group>"; };
		3C003FFB1F18F84F007DFB6D /* ColorsTableViewUITests.xctest */ = {isa = PBXFileReference; explicitFileType = wrapper.cfbundle; includeInIndex = 0; path = ColorsTableViewUITests.xctest; sourceTree = BUILT_PRODUCTS_DIR; };
		3C003FFF1F18F84F007DFB6D /* ColorsTableViewUITests.swift */ = {isa = PBXFileReference; lastKnownFileType = sourcecode.swift; path = ColorsTableViewUITests.swift; sourceTree = "<group>"; };
		3C0040011F18F84F007DFB6D /* Info.plist */ = {isa = PBXFileReference; lastKnownFileType = text.plist.xml; path = Info.plist; sourceTree = "<group>"; };
		3C00400D1F18F8CE007DFB6D /* ColorsViewController.swift */ = {isa = PBXFileReference; fileEncoding = 4; lastKnownFileType = sourcecode.swift; path = ColorsViewController.swift; sourceTree = "<group>"; };
/* End PBXFileReference section */

/* Begin PBXFrameworksBuildPhase section */
		3C003FD61F18F84E007DFB6D /* Frameworks */ = {
			isa = PBXFrameworksBuildPhase;
			buildActionMask = 2147483647;
			files = (
			);
			runOnlyForDeploymentPostprocessing = 0;
		};
		3C003FED1F18F84E007DFB6D /* Frameworks */ = {
			isa = PBXFrameworksBuildPhase;
			buildActionMask = 2147483647;
			files = (
			);
			runOnlyForDeploymentPostprocessing = 0;
		};
		3C003FF81F18F84F007DFB6D /* Frameworks */ = {
			isa = PBXFrameworksBuildPhase;
			buildActionMask = 2147483647;
			files = (
			);
			runOnlyForDeploymentPostprocessing = 0;
		};
/* End PBXFrameworksBuildPhase section */

/* Begin PBXGroup section */
		3C003FD01F18F84E007DFB6D = {
			isa = PBXGroup;
			children = (
				3C003FDB1F18F84E007DFB6D /* ColorsTableView */,
				3C003FF31F18F84F007DFB6D /* ColorsTableViewTests */,
				3C003FFE1F18F84F007DFB6D /* ColorsTableViewUITests */,
				3C003FDA1F18F84E007DFB6D /* Products */,
			);
			sourceTree = "<group>";
		};
		3C003FDA1F18F84E007DFB6D /* Products */ = {
			isa = PBXGroup;
			children = (
				3C003FD91F18F84E007DFB6D /* ColorsTableView.app */,
				3C003FF01F18F84E007DFB6D /* ColorsTableViewTests.xctest */,
				3C003FFB1F18F84F007DFB6D /* ColorsTableViewUITests.xctest */,
			);
			name = Products;
			sourceTree = "<group>";
		};
		3C003FDB1F18F84E007DFB6D /* ColorsTableView */ = {
			isa = PBXGroup;
			children = (
				3C003FDC1F18F84E007DFB6D /* AppDelegate.swift */,
				3C00400D1F18F8CE007DFB6D /* ColorsViewController.swift */,
				3C003FE01F18F84E007DFB6D /* Main.storyboard */,
				3C003FE61F18F84E007DFB6D /* Assets.xcassets */,
				3C003FE81F18F84E007DFB6D /* LaunchScreen.storyboard */,
				3C003FEB1F18F84E007DFB6D /* Info.plist */,
				3C003FE31F18F84E007DFB6D /* ColorsTableView.xcdatamodeld */,
			);
			path = ColorsTableView;
			sourceTree = "<group>";
		};
		3C003FF31F18F84F007DFB6D /* ColorsTableViewTests */ = {
			isa = PBXGroup;
			children = (
				3C003FF41F18F84F007DFB6D /* ColorsTableViewTests.swift */,
				3C003FF61F18F84F007DFB6D /* Info.plist */,
			);
			path = ColorsTableViewTests;
			sourceTree = "<group>";
		};
		3C003FFE1F18F84F007DFB6D /* ColorsTableViewUITests */ = {
			isa = PBXGroup;
			children = (
				3C003FFF1F18F84F007DFB6D /* ColorsTableViewUITests.swift */,
				3C0040011F18F84F007DFB6D /* Info.plist */,
			);
			path = ColorsTableViewUITests;
			sourceTree = "<group>";
		};
/* End PBXGroup section */

/* Begin PBXNativeTarget section */
		3C003FD81F18F84E007DFB6D /* ColorsTableView */ = {
			isa = PBXNativeTarget;
			buildConfigurationList = 3C0040041F18F84F007DFB6D /* Build configuration list for PBXNativeTarget "ColorsTableView" */;
			buildPhases = (
				3C003FD51F18F84E007DFB6D /* Sources */,
				3C003FD61F18F84E007DFB6D /* Frameworks */,
				3C003FD71F18F84E007DFB6D /* Resources */,
			);
			buildRules = (
			);
			dependencies = (
			);
			name = ColorsTableView;
			productName = ColorsTableView;
			productReference = 3C003FD91F18F84E007DFB6D /* ColorsTableView.app */;
			productType = "com.apple.product-type.application";
		};
		3C003FEF1F18F84E007DFB6D /* ColorsTableViewTests */ = {
			isa = PBXNativeTarget;
			buildConfigurationList = 3C0040071F18F84F007DFB6D /* Build configuration list for PBXNativeTarget "ColorsTableViewTests" */;
			buildPhases = (
				3C003FEC1F18F84E007DFB6D /* Sources */,
				3C003FED1F18F84E007DFB6D /* Frameworks */,
				3C003FEE1F18F84E007DFB6D /* Resources */,
			);
			buildRules = (
			);
			dependencies = (
				3C003FF21F18F84E007DFB6D /* PBXTargetDependency */,
			);
			name = ColorsTableViewTests;
			productName = ColorsTableViewTests;
			productReference = 3C003FF01F18F84E007DFB6D /* ColorsTableViewTests.xctest */;
			productType = "com.apple.product-type.bundle.unit-test";
		};
		3C003FFA1F18F84F007DFB6D /* ColorsTableViewUITests */ = {
			isa = PBXNativeTarget;
			buildConfigurationList = 3C00400A1F18F84F007DFB6D /* Build configuration list for PBXNativeTarget "ColorsTableViewUITests" */;
			buildPhases = (
				3C003FF71F18F84F007DFB6D /* Sources */,
				3C003FF81F18F84F007DFB6D /* Frameworks */,
				3C003FF91F18F84F007DFB6D /* Resources */,
			);
			buildRules = (
			);
			dependencies = (
				3C003FFD1F18F84F007DFB6D /* PBXTargetDependency */,
			);
			name = ColorsTableViewUITests;
			productName = ColorsTableViewUITests;
			productReference = 3C003FFB1F18F84F007DFB6D /* ColorsTableViewUITests.xctest */;
			productType = "com.apple.product-type.bundle.ui-testing";
		};
/* End PBXNativeTarget section */

/* Begin PBXProject section */
		3C003FD11F18F84E007DFB6D /* Project object */ = {
			isa = PBXProject;
			attributes = {
				LastSwiftUpdateCheck = 0830;
				LastUpgradeCheck = 0830;
				ORGANIZATIONNAME = Shiyifan;
				TargetAttributes = {
					3C003FD81F18F84E007DFB6D = {
						CreatedOnToolsVersion = 8.3.3;
						ProvisioningStyle = Automatic;
					};
					3C003FEF1F18F84E007DFB6D = {
						CreatedOnToolsVersion = 8.3.3;
						ProvisioningStyle = Automatic;
						TestTargetID = 3C003FD81F18F84E007DFB6D;
					};
					3C003FFA1F18F84F007DFB6D = {
						CreatedOnToolsVersion = 8.3.3;
						ProvisioningStyle = Automatic;
						TestTargetID = 3C003FD81F18F84E007DFB6D;
					};
				};
			};
			buildConfigurationList = 3C003FD41F18F84E007DFB6D /* Build configuration list for PBXProject "ColorsTableView" */;
			compatibilityVersion = "Xcode 3.2";
			developmentRegion = English;
			hasScannedForEncodings = 0;
			knownRegions = (
				en,
				Base,
			);
			mainGroup = 3C003FD01F18F84E007DFB6D;
			productRefGroup = 3C003FDA1F18F84E007DFB6D /* Products */;
			projectDirPath = "";
			projectRoot = "";
			targets = (
				3C003FD81F18F84E007DFB6D /* ColorsTableView */,
				3C003FEF1F18F84E007DFB6D /* ColorsTableViewTests */,
				3C003FFA1F18F84F007DFB6D /* ColorsTableViewUITests */,
			);
		};
/* End PBXProject section */

/* Begin PBXResourcesBuildPhase section */
		3C003FD71F18F84E007DFB6D /* Resources */ = {
			isa = PBXResourcesBuildPhase;
			buildActionMask = 2147483647;
			files = (
				3C003FEA1F18F84E007DFB6D /* LaunchScreen.storyboard in Resources */,
				3C003FE71F18F84E007DFB6D /* Assets.xcassets in Resources */,
				3C003FE21F18F84E007DFB6D /* Main.storyboard in Resources */,
			);
			runOnlyForDeploymentPostprocessing = 0;
		};
		3C003FEE1F18F84E007DFB6D /* Resources */ = {
			isa = PBXResourcesBuildPhase;
			buildActionMask = 2147483647;
			files = (
			);
			runOnlyForDeploymentPostprocessing = 0;
		};
		3C003FF91F18F84F007DFB6D /* Resources */ = {
			isa = PBXResourcesBuildPhase;
			buildActionMask = 2147483647;
			files = (
			);
			runOnlyForDeploymentPostprocessing = 0;
		};
/* End PBXResourcesBuildPhase section */

/* Begin PBXSourcesBuildPhase section */
		3C003FD51F18F84E007DFB6D /* Sources */ = {
			isa = PBXSourcesBuildPhase;
			buildActionMask = 2147483647;
			files = (
				3C003FDD1F18F84E007DFB6D /* AppDelegate.swift in Sources */,
				3C00400E1F18F8CE007DFB6D /* ColorsViewController.swift in Sources */,
				3C003FE51F18F84E007DFB6D /* ColorsTableView.xcdatamodeld in Sources */,
			);
			runOnlyForDeploymentPostprocessing = 0;
		};
		3C003FEC1F18F84E007DFB6D /* Sources */ = {
			isa = PBXSourcesBuildPhase;
			buildActionMask = 2147483647;
			files = (
				3C003FF51F18F84F007DFB6D /* ColorsTableViewTests.swift in Sources */,
			);
			runOnlyForDeploymentPostprocessing = 0;
		};
		3C003FF71F18F84F007DFB6D /* Sources */ = {
			isa = PBXSourcesBuildPhase;
			buildActionMask = 2147483647;
			files = (
				3C0040001F18F84F007DFB6D /* ColorsTableViewUITests.swift in Sources */,
			);
			runOnlyForDeploymentPostprocessing = 0;
		};
/* End PBXSourcesBuildPhase section */

/* Begin PBXTargetDependency section */
		3C003FF21F18F84E007DFB6D /* PBXTargetDependency */ = {
			isa = PBXTargetDependency;
			target = 3C003FD81F18F84E007DFB6D /* ColorsTableView */;
			targetProxy = 3C003FF11F18F84E007DFB6D /* PBXContainerItemProxy */;
		};
		3C003FFD1F18F84F007DFB6D /* PBXTargetDependency */ = {
			isa = PBXTargetDependency;
			target = 3C003FD81F18F84E007DFB6D /* ColorsTableView */;
			targetProxy = 3C003FFC1F18F84F007DFB6D /* PBXContainerItemProxy */;
		};
/* End PBXTargetDependency section */

/* Begin PBXVariantGroup section */
		3C003FE01F18F84E007DFB6D /* Main.storyboard */ = {
			isa = PBXVariantGroup;
			children = (
				3C003FE11F18F84E007DFB6D /* Base */,
			);
			name = Main.storyboard;
			sourceTree = "<group>";
		};
		3C003FE81F18F84E007DFB6D /* LaunchScreen.storyboard */ = {
			isa = PBXVariantGroup;
			children = (
				3C003FE91F18F84E007DFB6D /* Base */,
			);
			name = LaunchScreen.storyboard;
			sourceTree = "<group>";
		};
/* End PBXVariantGroup section */

/* Begin XCBuildConfiguration section */
		3C0040021F18F84F007DFB6D /* Debug */ = {
			isa = XCBuildConfiguration;
			buildSettings = {
				ALWAYS_SEARCH_USER_PATHS = NO;
				CLANG_ANALYZER_NONNULL = YES;
				CLANG_ANALYZER_NUMBER_OBJECT_CONVERSION = YES_AGGRESSIVE;
				CLANG_CXX_LANGUAGE_STANDARD = "gnu++0x";
				CLANG_CXX_LIBRARY = "libc++";
				CLANG_ENABLE_MODULES = YES;
				CLANG_ENABLE_OBJC_ARC = YES;
				CLANG_WARN_BOOL_CONVERSION = YES;
				CLANG_WARN_CONSTANT_CONVERSION = YES;
				CLANG_WARN_DIRECT_OBJC_ISA_USAGE = YES_ERROR;
				CLANG_WARN_DOCUMENTATION_COMMENTS = YES;
				CLANG_WARN_EMPTY_BODY = YES;
				CLANG_WARN_ENUM_CONVERSION = YES;
				CLANG_WARN_INFINITE_RECURSION = YES;
				CLANG_WARN_INT_CONVERSION = YES;
				CLANG_WARN_OBJC_ROOT_CLASS = YES_ERROR;
				CLANG_WARN_SUSPICIOUS_MOVE = YES;
				CLANG_WARN_UNREACHABLE_CODE = YES;
				CLANG_WARN__DUPLICATE_METHOD_MATCH = YES;
				"CODE_SIGN_IDENTITY[sdk=iphoneos*]" = "iPhone Developer";
				COPY_PHASE_STRIP = NO;
				DEBUG_INFORMATION_FORMAT = dwarf;
				ENABLE_STRICT_OBJC_MSGSEND = YES;
				ENABLE_TESTABILITY = YES;
				GCC_C_LANGUAGE_STANDARD = gnu99;
				GCC_DYNAMIC_NO_PIC = NO;
				GCC_NO_COMMON_BLOCKS = YES;
				GCC_OPTIMIZATION_LEVEL = 0;
				GCC_PREPROCESSOR_DEFINITIONS = (
					"DEBUG=1",
					"$(inherited)",
				);
				GCC_WARN_64_TO_32_BIT_CONVERSION = YES;
				GCC_WARN_ABOUT_RETURN_TYPE = YES_ERROR;
				GCC_WARN_UNDECLARED_SELECTOR = YES;
				GCC_WARN_UNINITIALIZED_AUTOS = YES_AGGRESSIVE;
				GCC_WARN_UNUSED_FUNCTION = YES;
				GCC_WARN_UNUSED_VARIABLE = YES;
				IPHONEOS_DEPLOYMENT_TARGET = 10.3;
				MTL_ENABLE_DEBUG_INFO = YES;
				ONLY_ACTIVE_ARCH = YES;
				SDKROOT = iphoneos;
				SWIFT_ACTIVE_COMPILATION_CONDITIONS = DEBUG;
				SWIFT_OPTIMIZATION_LEVEL = "-Onone";
				TARGETED_DEVICE_FAMILY = "1,2";
			};
			name = Debug;
		};
		3C0040031F18F84F007DFB6D /* Release */ = {
			isa = XCBuildConfiguration;
			buildSettings = {
				ALWAYS_SEARCH_USER_PATHS = NO;
				CLANG_ANALYZER_NONNULL = YES;
				CLANG_ANALYZER_NUMBER_OBJECT_CONVERSION = YES_AGGRESSIVE;
				CLANG_CXX_LANGUAGE_STANDARD = "gnu++0x";
				CLANG_CXX_LIBRARY = "libc++";
				CLANG_ENABLE_MODULES = YES;
				CLANG_ENABLE_OBJC_ARC = YES;
				CLANG_WARN_BOOL_CONVERSION = YES;
				CLANG_WARN_CONSTANT_CONVERSION = YES;
				CLANG_WARN_DIRECT_OBJC_ISA_USAGE = YES_ERROR;
				CLANG_WARN_DOCUMENTATION_COMMENTS = YES;
				CLANG_WARN_EMPTY_BODY = YES;
				CLANG_WARN_ENUM_CONVERSION = YES;
				CLANG_WARN_INFINITE_RECURSION = YES;
				CLANG_WARN_INT_CONVERSION = YES;
				CLANG_WARN_OBJC_ROOT_CLASS = YES_ERROR;
				CLANG_WARN_SUSPICIOUS_MOVE = YES;
				CLANG_WARN_UNREACHABLE_CODE = YES;
				CLANG_WARN__DUPLICATE_METHOD_MATCH = YES;
				"CODE_SIGN_IDENTITY[sdk=iphoneos*]" = "iPhone Developer";
				COPY_PHASE_STRIP = NO;
				DEBUG_INFORMATION_FORMAT = "dwarf-with-dsym";
				ENABLE_NS_ASSERTIONS = NO;
				ENABLE_STRICT_OBJC_MSGSEND = YES;
				GCC_C_LANGUAGE_STANDARD = gnu99;
				GCC_NO_COMMON_BLOCKS = YES;
				GCC_WARN_64_TO_32_BIT_CONVERSION = YES;
				GCC_WARN_ABOUT_RETURN_TYPE = YES_ERROR;
				GCC_WARN_UNDECLARED_SELECTOR = YES;
				GCC_WARN_UNINITIALIZED_AUTOS = YES_AGGRESSIVE;
				GCC_WARN_UNUSED_FUNCTION = YES;
				GCC_WARN_UNUSED_VARIABLE = YES;
				IPHONEOS_DEPLOYMENT_TARGET = 10.3;
				MTL_ENABLE_DEBUG_INFO = NO;
				SDKROOT = iphoneos;
				SWIFT_OPTIMIZATION_LEVEL = "-Owholemodule";
				TARGETED_DEVICE_FAMILY = "1,2";
				VALIDATE_PRODUCT = YES;
			};
			name = Release;
		};
		3C0040051F18F84F007DFB6D /* Debug */ = {
			isa = XCBuildConfiguration;
			buildSettings = {
				ASSETCATALOG_COMPILER_APPICON_NAME = AppIcon;
				INFOPLIST_FILE = ColorsTableView/Info.plist;
				LD_RUNPATH_SEARCH_PATHS = "$(inherited) @executable_path/Frameworks";
				PRODUCT_BUNDLE_IDENTIFIER = online.shiyifan.ColorsTableView;
				PRODUCT_NAME = "$(TARGET_NAME)";
				SWIFT_VERSION = 3.0;
			};
			name = Debug;
		};
		3C0040061F18F84F007DFB6D /* Release */ = {
			isa = XCBuildConfiguration;
			buildSettings = {
				ASSETCATALOG_COMPILER_APPICON_NAME = AppIcon;
				INFOPLIST_FILE = ColorsTableView/Info.plist;
				LD_RUNPATH_SEARCH_PATHS = "$(inherited) @executable_path/Frameworks";
				PRODUCT_BUNDLE_IDENTIFIER = online.shiyifan.ColorsTableView;
				PRODUCT_NAME = "$(TARGET_NAME)";
				SWIFT_VERSION = 3.0;
			};
			name = Release;
		};
		3C0040081F18F84F007DFB6D /* Debug */ = {
			isa = XCBuildConfiguration;
			buildSettings = {
				ALWAYS_EMBED_SWIFT_STANDARD_LIBRARIES = YES;
				BUNDLE_LOADER = "$(TEST_HOST)";
				INFOPLIST_FILE = ColorsTableViewTests/Info.plist;
				LD_RUNPATH_SEARCH_PATHS = "$(inherited) @executable_path/Frameworks @loader_path/Frameworks";
				PRODUCT_BUNDLE_IDENTIFIER = online.shiyifan.ColorsTableViewTests;
				PRODUCT_NAME = "$(TARGET_NAME)";
				SWIFT_VERSION = 3.0;
				TEST_HOST = "$(BUILT_PRODUCTS_DIR)/ColorsTableView.app/ColorsTableView";
			};
			name = Debug;
		};
		3C0040091F18F84F007DFB6D /* Release */ = {
			isa = XCBuildConfiguration;
			buildSettings = {
				ALWAYS_EMBED_SWIFT_STANDARD_LIBRARIES = YES;
				BUNDLE_LOADER = "$(TEST_HOST)";
				INFOPLIST_FILE = ColorsTableViewTests/Info.plist;
				LD_RUNPATH_SEARCH_PATHS = "$(inherited) @executable_path/Frameworks @loader_path/Frameworks";
				PRODUCT_BUNDLE_IDENTIFIER = online.shiyifan.ColorsTableViewTests;
				PRODUCT_NAME = "$(TARGET_NAME)";
				SWIFT_VERSION = 3.0;
				TEST_HOST = "$(BUILT_PRODUCTS_DIR)/ColorsTableView.app/ColorsTableView";
			};
			name = Release;
		};
		3C00400B1F18F84F007DFB6D /* Debug */ = {
			isa = XCBuildConfiguration;
			buildSettings = {
				ALWAYS_EMBED_SWIFT_STANDARD_LIBRARIES = YES;
				INFOPLIST_FILE = ColorsTableViewUITests/Info.plist;
				LD_RUNPATH_SEARCH_PATHS = "$(inherited) @executable_path/Frameworks @loader_path/Frameworks";
				PRODUCT_BUNDLE_IDENTIFIER = online.shiyifan.ColorsTableViewUITests;
				PRODUCT_NAME = "$(TARGET_NAME)";
				SWIFT_VERSION = 3.0;
				TEST_TARGET_NAME = ColorsTableView;
			};
			name = Debug;
		};
		3C00400C1F18F84F007DFB6D /* Release */ = {
			isa = XCBuildConfiguration;
			buildSettings = {
				ALWAYS_EMBED_SWIFT_STANDARD_LIBRARIES = YES;
				INFOPLIST_FILE = ColorsTableViewUITests/Info.plist;
				LD_RUNPATH_SEARCH_PATHS = "$(inherited) @executable_path/Frameworks @loader_path/Frameworks";
				PRODUCT_BUNDLE_IDENTIFIER = online.shiyifan.ColorsTableViewUITests;
				PRODUCT_NAME = "$(TARGET_NAME)";
				SWIFT_VERSION = 3.0;
				TEST_TARGET_NAME = ColorsTableView;
			};
			name = Release;
		};
/* End XCBuildConfiguration section */

/* Begin XCConfigurationList section */
		3C003FD41F18F84E007DFB6D /* Build configuration list for PBXProject "ColorsTableView" */ = {
			isa = XCConfigurationList;
			buildConfigurations = (
				3C0040021F18F84F007DFB6D /* Debug */,
				3C0040031F18F84F007DFB6D /* Release */,
			);
			defaultConfigurationIsVisible = 0;
			defaultConfigurationName = Release;
		};
		3C0040041F18F84F007DFB6D /* Build configuration list for PBXNativeTarget "ColorsTableView" */ = {
			isa = XCConfigurationList;
			buildConfigurations = (
				3C0040051F18F84F007DFB6D /* Debug */,
				3C0040061F18F84F007DFB6D /* Release */,
			);
			defaultConfigurationIsVisible = 0;
		};
		3C0040071F18F84F007DFB6D /* Build configuration list for PBXNativeTarget "ColorsTableViewTests" */ = {
			isa = XCConfigurationList;
			buildConfigurations = (
				3C0040081F18F84F007DFB6D /* Debug */,
				3C0040091F18F84F007DFB6D /* Release */,
			);
			defaultConfigurationIsVisible = 0;
		};
		3C00400A1F18F84F007DFB6D /* Build configuration list for PBXNativeTarget "ColorsTableViewUITests" */ = {
			isa = XCConfigurationList;
			buildConfigurations = (
				3C00400B1F18F84F007DFB6D /* Debug */,
				3C00400C1F18F84F007DFB6D /* Release */,
			);
			defaultConfigurationIsVisible = 0;
		};
/* End XCConfigurationList section */

/* Begin XCVersionGroup section */
		3C003FE31F18F84E007DFB6D /* ColorsTableView.xcdatamodeld */ = {
			isa = XCVersionGroup;
			children = (
				3C003FE41F18F84E007DFB6D /* ColorsTableView.xcdatamodel */,
			);
			currentVersion = 3C003FE41F18F84E007DFB6D /* ColorsTableView.xcdatamodel */;
			path = ColorsTableView.xcdatamodeld;
			sourceTree = "<group>";
			versionGroupType = wrapper.xcdatamodel;
		};
/* End XCVersionGroup section */
	};
	rootObject = 3C003FD11F18F84E007DFB6D /* Project object */;
}
